// !$*UTF8*$!
{
	archiveVersion = 1;
	classes = {
	};
	objectVersion = 56;
	objects = {

/* Begin PBXBuildFile section */
		265C2634BD64E7A9795FC632 /* Pods_RIA_Device_Communicator.framework in Frameworks */ = {isa = PBXBuildFile; fileRef = 5C9A774D39D52C3BDAC30446 /* Pods_RIA_Device_Communicator.framework */; };
		785D21C82A4BADA000DF191B /* RIA_Device_CommunicatorApp.swift in Sources */ = {isa = PBXBuildFile; fileRef = 785D21C72A4BADA000DF191B /* RIA_Device_CommunicatorApp.swift */; };
		785D21CA2A4BADA000DF191B /* ContentView.swift in Sources */ = {isa = PBXBuildFile; fileRef = 785D21C92A4BADA000DF191B /* ContentView.swift */; };
		785D21CC2A4BADA300DF191B /* Assets.xcassets in Resources */ = {isa = PBXBuildFile; fileRef = 785D21CB2A4BADA300DF191B /* Assets.xcassets */; };
		785D21CF2A4BADA300DF191B /* Preview Assets.xcassets in Resources */ = {isa = PBXBuildFile; fileRef = 785D21CE2A4BADA300DF191B /* Preview Assets.xcassets */; };
/* End PBXBuildFile section */

/* Begin PBXFileReference section */
		5C9A774D39D52C3BDAC30446 /* Pods_RIA_Device_Communicator.framework */ = {isa = PBXFileReference; explicitFileType = wrapper.framework; includeInIndex = 0; path = Pods_RIA_Device_Communicator.framework; sourceTree = BUILT_PRODUCTS_DIR; };
		785D21C42A4BADA000DF191B /* RIA Device Communicator.app */ = {isa = PBXFileReference; explicitFileType = wrapper.application; includeInIndex = 0; path = "RIA Device Communicator.app"; sourceTree = BUILT_PRODUCTS_DIR; };
		785D21C72A4BADA000DF191B /* RIA_Device_CommunicatorApp.swift */ = {isa = PBXFileReference; lastKnownFileType = sourcecode.swift; path = RIA_Device_CommunicatorApp.swift; sourceTree = "<group>"; };
		785D21C92A4BADA000DF191B /* ContentView.swift */ = {isa = PBXFileReference; lastKnownFileType = sourcecode.swift; path = ContentView.swift; sourceTree = "<group>"; };
		785D21CB2A4BADA300DF191B /* Assets.xcassets */ = {isa = PBXFileReference; lastKnownFileType = folder.assetcatalog; path = Assets.xcassets; sourceTree = "<group>"; };
		785D21CE2A4BADA300DF191B /* Preview Assets.xcassets */ = {isa = PBXFileReference; lastKnownFileType = folder.assetcatalog; path = "Preview Assets.xcassets"; sourceTree = "<group>"; };
		785D21D72A4D09F400DF191B /* RIA-Device-Communicator-Info.plist */ = {isa = PBXFileReference; lastKnownFileType = text.plist; path = "RIA-Device-Communicator-Info.plist"; sourceTree = SOURCE_ROOT; };
		B5C0600C56AF458D3B835D76 /* Pods-RIA Device Communicator.debug.xcconfig */ = {isa = PBXFileReference; includeInIndex = 1; lastKnownFileType = text.xcconfig; name = "Pods-RIA Device Communicator.debug.xcconfig"; path = "Target Support Files/Pods-RIA Device Communicator/Pods-RIA Device Communicator.debug.xcconfig"; sourceTree = "<group>"; };
		FB70FEC529A126DBA06E1457 /* Pods-RIA Device Communicator.release.xcconfig */ = {isa = PBXFileReference; includeInIndex = 1; lastKnownFileType = text.xcconfig; name = "Pods-RIA Device Communicator.release.xcconfig"; path = "Target Support Files/Pods-RIA Device Communicator/Pods-RIA Device Communicator.release.xcconfig"; sourceTree = "<group>"; };
/* End PBXFileReference section */

/* Begin PBXFrameworksBuildPhase section */
		785D21C12A4BADA000DF191B /* Frameworks */ = {
			isa = PBXFrameworksBuildPhase;
			buildActionMask = 2147483647;
			files = (
				265C2634BD64E7A9795FC632 /* Pods_RIA_Device_Communicator.framework in Frameworks */,
			);
			runOnlyForDeploymentPostprocessing = 0;
		};
/* End PBXFrameworksBuildPhase section */

/* Begin PBXGroup section */
		29D1227207D67521621536F5 /* Frameworks */ = {
			isa = PBXGroup;
			children = (
				5C9A774D39D52C3BDAC30446 /* Pods_RIA_Device_Communicator.framework */,
			);
			name = Frameworks;
			sourceTree = "<group>";
		};
		785D21BB2A4BADA000DF191B = {
			isa = PBXGroup;
			children = (
				785D21C62A4BADA000DF191B /* RIA Device Communicator */,
				785D21C52A4BADA000DF191B /* Products */,
				F4FEA82A9B6541488FC497CD /* Pods */,
				29D1227207D67521621536F5 /* Frameworks */,
			);
			sourceTree = "<group>";
		};
		785D21C52A4BADA000DF191B /* Products */ = {
			isa = PBXGroup;
			children = (
				785D21C42A4BADA000DF191B /* RIA Device Communicator.app */,
			);
			name = Products;
			sourceTree = "<group>";
		};
		785D21C62A4BADA000DF191B /* RIA Device Communicator */ = {
			isa = PBXGroup;
			children = (
				785D21D72A4D09F400DF191B /* RIA-Device-Communicator-Info.plist */,
				785D21C72A4BADA000DF191B /* RIA_Device_CommunicatorApp.swift */,
				785D21C92A4BADA000DF191B /* ContentView.swift */,
				785D21CB2A4BADA300DF191B /* Assets.xcassets */,
				785D21CD2A4BADA300DF191B /* Preview Content */,
			);
			path = "RIA Device Communicator";
			sourceTree = "<group>";
		};
		785D21CD2A4BADA300DF191B /* Preview Content */ = {
			isa = PBXGroup;
			children = (
				785D21CE2A4BADA300DF191B /* Preview Assets.xcassets */,
			);
			path = "Preview Content";
			sourceTree = "<group>";
		};
		F4FEA82A9B6541488FC497CD /* Pods */ = {
			isa = PBXGroup;
			children = (
				B5C0600C56AF458D3B835D76 /* Pods-RIA Device Communicator.debug.xcconfig */,
				FB70FEC529A126DBA06E1457 /* Pods-RIA Device Communicator.release.xcconfig */,
			);
			path = Pods;
			sourceTree = "<group>";
		};
/* End PBXGroup section */

/* Begin PBXNativeTarget section */
		785D21C32A4BADA000DF191B /* RIA Device Communicator */ = {
			isa = PBXNativeTarget;
			buildConfigurationList = 785D21D22A4BADA300DF191B /* Build configuration list for PBXNativeTarget "RIA Device Communicator" */;
			buildPhases = (
				8AD02349B0FDA2E6603B9470 /* [CP] Check Pods Manifest.lock */,
				785D21C02A4BADA000DF191B /* Sources */,
				785D21C12A4BADA000DF191B /* Frameworks */,
				785D21C22A4BADA000DF191B /* Resources */,
				915FCF1834B9503288A784BC /* [CP] Embed Pods Frameworks */,
			);
			buildRules = (
			);
			dependencies = (
			);
			name = "RIA Device Communicator";
			productName = "RIA Device Communicator";
			productReference = 785D21C42A4BADA000DF191B /* RIA Device Communicator.app */;
			productType = "com.apple.product-type.application";
		};
/* End PBXNativeTarget section */

/* Begin PBXProject section */
		785D21BC2A4BADA000DF191B /* Project object */ = {
			isa = PBXProject;
			attributes = {
				BuildIndependentTargetsInParallel = 1;
				LastSwiftUpdateCheck = 1430;
				LastUpgradeCheck = 1430;
				TargetAttributes = {
					785D21C32A4BADA000DF191B = {
						CreatedOnToolsVersion = 14.3.1;
					};
				};
			};
			buildConfigurationList = 785D21BF2A4BADA000DF191B /* Build configuration list for PBXProject "RIA Device Communicator" */;
			compatibilityVersion = "Xcode 14.0";
			developmentRegion = en;
			hasScannedForEncodings = 0;
			knownRegions = (
				en,
				Base,
			);
			mainGroup = 785D21BB2A4BADA000DF191B;
			productRefGroup = 785D21C52A4BADA000DF191B /* Products */;
			projectDirPath = "";
			projectRoot = "";
			targets = (
				785D21C32A4BADA000DF191B /* RIA Device Communicator */,
			);
		};
/* End PBXProject section */

/* Begin PBXResourcesBuildPhase section */
		785D21C22A4BADA000DF191B /* Resources */ = {
			isa = PBXResourcesBuildPhase;
			buildActionMask = 2147483647;
			files = (
				785D21CF2A4BADA300DF191B /* Preview Assets.xcassets in Resources */,
				785D21CC2A4BADA300DF191B /* Assets.xcassets in Resources */,
			);
			runOnlyForDeploymentPostprocessing = 0;
		};
/* End PBXResourcesBuildPhase section */

/* Begin PBXShellScriptBuildPhase section */
		8AD02349B0FDA2E6603B9470 /* [CP] Check Pods Manifest.lock */ = {
			isa = PBXShellScriptBuildPhase;
			buildActionMask = 2147483647;
			files = (
			);
			inputFileListPaths = (
			);
			inputPaths = (
				"${PODS_PODFILE_DIR_PATH}/Podfile.lock",
				"${PODS_ROOT}/Manifest.lock",
			);
			name = "[CP] Check Pods Manifest.lock";
			outputFileListPaths = (
			);
			outputPaths = (
				"$(DERIVED_FILE_DIR)/Pods-RIA Device Communicator-checkManifestLockResult.txt",
			);
			runOnlyForDeploymentPostprocessing = 0;
			shellPath = /bin/sh;
			shellScript = "diff \"${PODS_PODFILE_DIR_PATH}/Podfile.lock\" \"${PODS_ROOT}/Manifest.lock\" > /dev/null\nif [ $? != 0 ] ; then\n    # print error to STDERR\n    echo \"error: The sandbox is not in sync with the Podfile.lock. Run 'pod install' or update your CocoaPods installation.\" >&2\n    exit 1\nfi\n# This output is used by Xcode 'outputs' to avoid re-running this script phase.\necho \"SUCCESS\" > \"${SCRIPT_OUTPUT_FILE_0}\"\n";
			showEnvVarsInLog = 0;
		};
		915FCF1834B9503288A784BC /* [CP] Embed Pods Frameworks */ = {
			isa = PBXShellScriptBuildPhase;
			buildActionMask = 2147483647;
			files = (
			);
			inputFileListPaths = (
				"${PODS_ROOT}/Target Support Files/Pods-RIA Device Communicator/Pods-RIA Device Communicator-frameworks-${CONFIGURATION}-input-files.xcfilelist",
			);
			name = "[CP] Embed Pods Frameworks";
			outputFileListPaths = (
				"${PODS_ROOT}/Target Support Files/Pods-RIA Device Communicator/Pods-RIA Device Communicator-frameworks-${CONFIGURATION}-output-files.xcfilelist",
			);
			runOnlyForDeploymentPostprocessing = 0;
			shellPath = /bin/sh;
			shellScript = "\"${PODS_ROOT}/Target Support Files/Pods-RIA Device Communicator/Pods-RIA Device Communicator-frameworks.sh\"\n";
			showEnvVarsInLog = 0;
		};
/* End PBXShellScriptBuildPhase section */

/* Begin PBXSourcesBuildPhase section */
		785D21C02A4BADA000DF191B /* Sources */ = {
			isa = PBXSourcesBuildPhase;
			buildActionMask = 2147483647;
			files = (
				785D21CA2A4BADA000DF191B /* ContentView.swift in Sources */,
				785D21C82A4BADA000DF191B /* RIA_Device_CommunicatorApp.swift in Sources */,
			);
			runOnlyForDeploymentPostprocessing = 0;
		};
/* End PBXSourcesBuildPhase section */

/* Begin XCBuildConfiguration section */
		785D21D02A4BADA300DF191B /* Debug */ = {
			isa = XCBuildConfiguration;
			buildSettings = {
				ALWAYS_SEARCH_USER_PATHS = NO;
				CLANG_ANALYZER_NONNULL = YES;
				CLANG_ANALYZER_NUMBER_OBJECT_CONVERSION = YES_AGGRESSIVE;
				CLANG_CXX_LANGUAGE_STANDARD = "gnu++20";
				CLANG_ENABLE_MODULES = YES;
				CLANG_ENABLE_OBJC_ARC = YES;
				CLANG_ENABLE_OBJC_WEAK = YES;
				CLANG_WARN_BLOCK_CAPTURE_AUTORELEASING = YES;
				CLANG_WARN_BOOL_CONVERSION = YES;
				CLANG_WARN_COMMA = YES;
				CLANG_WARN_CONSTANT_CONVERSION = YES;
				CLANG_WARN_DEPRECATED_OBJC_IMPLEMENTATIONS = YES;
				CLANG_WARN_DIRECT_OBJC_ISA_USAGE = YES_ERROR;
				CLANG_WARN_DOCUMENTATION_COMMENTS = YES;
				CLANG_WARN_EMPTY_BODY = YES;
				CLANG_WARN_ENUM_CONVERSION = YES;
				CLANG_WARN_INFINITE_RECURSION = YES;
				CLANG_WARN_INT_CONVERSION = YES;
				CLANG_WARN_NON_LITERAL_NULL_CONVERSION = YES;
				CLANG_WARN_OBJC_IMPLICIT_RETAIN_SELF = YES;
				CLANG_WARN_OBJC_LITERAL_CONVERSION = YES;
				CLANG_WARN_OBJC_ROOT_CLASS = YES_ERROR;
				CLANG_WARN_QUOTED_INCLUDE_IN_FRAMEWORK_HEADER = YES;
				CLANG_WARN_RANGE_LOOP_ANALYSIS = YES;
				CLANG_WARN_STRICT_PROTOTYPES = YES;
				CLANG_WARN_SUSPICIOUS_MOVE = YES;
				CLANG_WARN_UNGUARDED_AVAILABILITY = YES_AGGRESSIVE;
				CLANG_WARN_UNREACHABLE_CODE = YES;
				CLANG_WARN__DUPLICATE_METHOD_MATCH = YES;
				COPY_PHASE_STRIP = NO;
				DEBUG_INFORMATION_FORMAT = dwarf;
				ENABLE_STRICT_OBJC_MSGSEND = YES;
				ENABLE_TESTABILITY = YES;
				GCC_C_LANGUAGE_STANDARD = gnu11;
				GCC_DYNAMIC_NO_PIC = NO;
				GCC_NO_COMMON_BLOCKS = YES;
				GCC_OPTIMIZATION_LEVEL = 0;
				GCC_PREPROCESSOR_DEFINITIONS = (
					"DEBUG=1",
					"$(inherited)",
				);
				GCC_WARN_64_TO_32_BIT_CONVERSION = YES;
				GCC_WARN_ABOUT_RETURN_TYPE = YES_ERROR;
				GCC_WARN_UNDECLARED_SELECTOR = YES;
				GCC_WARN_UNINITIALIZED_AUTOS = YES_AGGRESSIVE;
				GCC_WARN_UNUSED_FUNCTION = YES;
				GCC_WARN_UNUSED_VARIABLE = YES;
				IPHONEOS_DEPLOYMENT_TARGET = 14.0;
				MTL_ENABLE_DEBUG_INFO = INCLUDE_SOURCE;
				MTL_FAST_MATH = YES;
				ONLY_ACTIVE_ARCH = YES;
				SDKROOT = iphoneos;
				SWIFT_ACTIVE_COMPILATION_CONDITIONS = DEBUG;
				SWIFT_OPTIMIZATION_LEVEL = "-Onone";
			};
			name = Debug;
		};
		785D21D12A4BADA300DF191B /* Release */ = {
			isa = XCBuildConfiguration;
			buildSettings = {
				ALWAYS_SEARCH_USER_PATHS = NO;
				CLANG_ANALYZER_NONNULL = YES;
				CLANG_ANALYZER_NUMBER_OBJECT_CONVERSION = YES_AGGRESSIVE;
				CLANG_CXX_LANGUAGE_STANDARD = "gnu++20";
				CLANG_ENABLE_MODULES = YES;
				CLANG_ENABLE_OBJC_ARC = YES;
				CLANG_ENABLE_OBJC_WEAK = YES;
				CLANG_WARN_BLOCK_CAPTURE_AUTORELEASING = YES;
				CLANG_WARN_BOOL_CONVERSION = YES;
				CLANG_WARN_COMMA = YES;
				CLANG_WARN_CONSTANT_CONVERSION = YES;
				CLANG_WARN_DEPRECATED_OBJC_IMPLEMENTATIONS = YES;
				CLANG_WARN_DIRECT_OBJC_ISA_USAGE = YES_ERROR;
				CLANG_WARN_DOCUMENTATION_COMMENTS = YES;
				CLANG_WARN_EMPTY_BODY = YES;
				CLANG_WARN_ENUM_CONVERSION = YES;
				CLANG_WARN_INFINITE_RECURSION = YES;
				CLANG_WARN_INT_CONVERSION = YES;
				CLANG_WARN_NON_LITERAL_NULL_CONVERSION = YES;
				CLANG_WARN_OBJC_IMPLICIT_RETAIN_SELF = YES;
				CLANG_WARN_OBJC_LITERAL_CONVERSION = YES;
				CLANG_WARN_OBJC_ROOT_CLASS = YES_ERROR;
				CLANG_WARN_QUOTED_INCLUDE_IN_FRAMEWORK_HEADER = YES;
				CLANG_WARN_RANGE_LOOP_ANALYSIS = YES;
				CLANG_WARN_STRICT_PROTOTYPES = YES;
				CLANG_WARN_SUSPICIOUS_MOVE = YES;
				CLANG_WARN_UNGUARDED_AVAILABILITY = YES_AGGRESSIVE;
				CLANG_WARN_UNREACHABLE_CODE = YES;
				CLANG_WARN__DUPLICATE_METHOD_MATCH = YES;
				COPY_PHASE_STRIP = NO;
				DEBUG_INFORMATION_FORMAT = "dwarf-with-dsym";
				ENABLE_NS_ASSERTIONS = NO;
				ENABLE_STRICT_OBJC_MSGSEND = YES;
				GCC_C_LANGUAGE_STANDARD = gnu11;
				GCC_NO_COMMON_BLOCKS = YES;
				GCC_WARN_64_TO_32_BIT_CONVERSION = YES;
				GCC_WARN_ABOUT_RETURN_TYPE = YES_ERROR;
				GCC_WARN_UNDECLARED_SELECTOR = YES;
				GCC_WARN_UNINITIALIZED_AUTOS = YES_AGGRESSIVE;
				GCC_WARN_UNUSED_FUNCTION = YES;
				GCC_WARN_UNUSED_VARIABLE = YES;
				IPHONEOS_DEPLOYMENT_TARGET = 14.0;
				MTL_ENABLE_DEBUG_INFO = NO;
				MTL_FAST_MATH = YES;
				SDKROOT = iphoneos;
				SWIFT_COMPILATION_MODE = wholemodule;
				SWIFT_OPTIMIZATION_LEVEL = "-O";
				VALIDATE_PRODUCT = YES;
			};
			name = Release;
		};
		785D21D32A4BADA300DF191B /* Debug */ = {
			isa = XCBuildConfiguration;
			baseConfigurationReference = B5C0600C56AF458D3B835D76 /* Pods-RIA Device Communicator.debug.xcconfig */;
			buildSettings = {
				ASSETCATALOG_COMPILER_APPICON_NAME = AppIcon;
				ASSETCATALOG_COMPILER_GLOBAL_ACCENT_COLOR_NAME = AccentColor;
				CODE_SIGN_STYLE = Automatic;
				CURRENT_PROJECT_VERSION = 1;
				DEVELOPMENT_ASSET_PATHS = "\"RIA Device Communicator/Preview Content\"";
				DEVELOPMENT_TEAM = P372QJ8YXS;
				ENABLE_PREVIEWS = YES;
				GENERATE_INFOPLIST_FILE = YES;
				INFOPLIST_FILE = "RIA-Device-Communicator-Info.plist";
				INFOPLIST_KEY_UIApplicationSceneManifest_Generation = YES;
				INFOPLIST_KEY_UIApplicationSupportsIndirectInputEvents = YES;
				INFOPLIST_KEY_UILaunchScreen_Generation = YES;
				INFOPLIST_KEY_UISupportedInterfaceOrientations_iPad = "UIInterfaceOrientationPortrait UIInterfaceOrientationPortraitUpsideDown UIInterfaceOrientationLandscapeLeft UIInterfaceOrientationLandscapeRight";
				INFOPLIST_KEY_UISupportedInterfaceOrientations_iPhone = "UIInterfaceOrientationPortrait UIInterfaceOrientationLandscapeLeft UIInterfaceOrientationLandscapeRight";
				LD_RUNPATH_SEARCH_PATHS = (
					"$(inherited)",
					"@executable_path/Frameworks",
				);
				MARKETING_VERSION = 1.0;
				PRODUCT_BUNDLE_IDENTIFIER = "AT.RIA-Device-Communicator";
				PRODUCT_NAME = "$(TARGET_NAME)";
				SWIFT_EMIT_LOC_STRINGS = YES;
				SWIFT_VERSION = 5.0;
				TARGETED_DEVICE_FAMILY = "1,2";
			};
			name = Debug;
		};
		785D21D42A4BADA300DF191B /* Release */ = {
			isa = XCBuildConfiguration;
			baseConfigurationReference = FB70FEC529A126DBA06E1457 /* Pods-RIA Device Communicator.release.xcconfig */;
			buildSettings = {
				ASSETCATALOG_COMPILER_APPICON_NAME = AppIcon;
				ASSETCATALOG_COMPILER_GLOBAL_ACCENT_COLOR_NAME = AccentColor;
				CODE_SIGN_STYLE = Automatic;
				CURRENT_PROJECT_VERSION = 1;
				DEVELOPMENT_ASSET_PATHS = "\"RIA Device Communicator/Preview Content\"";
				DEVELOPMENT_TEAM = P372QJ8YXS;
				ENABLE_PREVIEWS = YES;
				GENERATE_INFOPLIST_FILE = YES;
				INFOPLIST_FILE = "RIA-Device-Communicator-Info.plist";
				INFOPLIST_KEY_UIApplicationSceneManifest_Generation = YES;
				INFOPLIST_KEY_UIApplicationSupportsIndirectInputEvents = YES;
				INFOPLIST_KEY_UILaunchScreen_Generation = YES;
				INFOPLIST_KEY_UISupportedInterfaceOrientations_iPad = "UIInterfaceOrientationPortrait UIInterfaceOrientationPortraitUpsideDown UIInterfaceOrientationLandscapeLeft UIInterfaceOrientationLandscapeRight";
				INFOPLIST_KEY_UISupportedInterfaceOrientations_iPhone = "UIInterfaceOrientationPortrait UIInterfaceOrientationLandscapeLeft UIInterfaceOrientationLandscapeRight";
				LD_RUNPATH_SEARCH_PATHS = (
					"$(inherited)",
					"@executable_path/Frameworks",
				);
				MARKETING_VERSION = 1.0;
				PRODUCT_BUNDLE_IDENTIFIER = "AT.RIA-Device-Communicator";
				PRODUCT_NAME = "$(TARGET_NAME)";
				SWIFT_EMIT_LOC_STRINGS = YES;
				SWIFT_VERSION = 5.0;
				TARGETED_DEVICE_FAMILY = "1,2";
			};
			name = Release;
		};
/* End XCBuildConfiguration section */

/* Begin XCConfigurationList section */
		785D21BF2A4BADA000DF191B /* Build configuration list for PBXProject "RIA Device Communicator" */ = {
			isa = XCConfigurationList;
			buildConfigurations = (
				785D21D02A4BADA300DF191B /* Debug */,
				785D21D12A4BADA300DF191B /* Release */,
			);
			defaultConfigurationIsVisible = 0;
			defaultConfigurationName = Release;
		};
		785D21D22A4BADA300DF191B /* Build configuration list for PBXNativeTarget "RIA Device Communicator" */ = {
			isa = XCConfigurationList;
			buildConfigurations = (
				785D21D32A4BADA300DF191B /* Debug */,
				785D21D42A4BADA300DF191B /* Release */,
			);
			defaultConfigurationIsVisible = 0;
			defaultConfigurationName = Release;
		};
/* End XCConfigurationList section */
	};
	rootObject = 785D21BC2A4BADA000DF191B /* Project object */;
}
